<?xml version="1.0" encoding="UTF-8" standalone="yes" ?>
<CodeBlocks_project_file>
	<FileVersion major="1" minor="6" />
	<Project>
		<Option title="utility" />
		<Option pch_mode="2" />
		<Option compiler="gcc" />
		<Build>
			<Target title="Debug">
				<Option output="utilityd" prefix_auto="1" extension_auto="1" />
				<Option working_dir="" />
				<Option object_output="obj/Debug/" />
				<Option type="2" />
				<Option compiler="gcc" />
				<Option createDefFile="1" />
				<Compiler>
					<Add option="-Wall" />
					<Add option="-g" />
				</Compiler>
			</Target>
			<Target title="Release">
				<Option output="utility" prefix_auto="1" extension_auto="1" />
				<Option working_dir="" />
				<Option object_output="obj/Release/" />
				<Option type="2" />
				<Option compiler="gcc" />
				<Option createDefFile="1" />
				<Compiler>
					<Add option="-Wall" />
					<Add option="-O2" />
				</Compiler>
				<Linker>
					<Add option="-s" />
				</Linker>
			</Target>
		</Build>
		<Compiler>
			<Add directory="/home/fndisme/work/github" />
		</Compiler>
		<Unit filename="DateTime.h" />
		<Unit filename="MessageManager.h" />
		<Unit filename="PageParser.h" />
		<Unit filename="RangeRandom.cpp" />
		<Unit filename="RangeRandom.h" />
		<Unit filename="ReadFromFile.cpp" />
		<Unit filename="ReadFromFile.h" />
		<Unit filename="StringConverters.h" />
		<Unit filename="TimeoutQueue.cpp" />
		<Unit filename="TimeoutQueue.h" />
		<Unit filename="TinyFinder.h" />
		<Unit filename="WhiteSpace.h" />
		<Unit filename="WriteToFile.cpp" />
		<Unit filename="WriteToFile.h" />
		<Extensions>
			<code_completion />
			<debugger />
		</Extensions>
	</Project>
</CodeBlocks_project_file>
