
Microsoft Visual Studio Solution File, Format Version 12.00
# Visual Studio 2012
Project("{8BC9CEB8-8B4A-11D0-8D11-00A0C91BC942}") = "utility", "utility.vcxproj", "{3B2617D4-66BB-4265-A3F8-5D8BE607510A}"
EndProject
Project("{8BC9CEB8-8B4A-11D0-8D11-00A0C91BC942}") = "message", "..\message\message.vcxproj", "{DB662CDE-EADA-4499-84BB-B3EC61D80C89}"
EndProject
Project("{8BC9CEB8-8B4A-11D0-8D11-00A0C91BC942}") = "netcore", "..\netcore\netcore.vcxproj", "{49158449-7120-455A-9F75-AC6ABFD1D44E}"
	ProjectSection(ProjectDependencies) = postProject
		{3B2617D4-66BB-4265-A3F8-5D8BE607510A} = {3B2617D4-66BB-4265-A3F8-5D8BE607510A}
		{DB662CDE-EADA-4499-84BB-B3EC61D80C89} = {DB662CDE-EADA-4499-84BB-B3EC61D80C89}
	EndProjectSection
EndProject
Project("{8BC9CEB8-8B4A-11D0-8D11-00A0C91BC942}") = "server", "..\server\server.vcxproj", "{E21FBA6A-72F3-4BA3-BDB2-84910A1F588A}"
	ProjectSection(ProjectDependencies) = postProject
		{49158449-7120-455A-9F75-AC6ABFD1D44E} = {49158449-7120-455A-9F75-AC6ABFD1D44E}
		{3B2617D4-66BB-4265-A3F8-5D8BE607510A} = {3B2617D4-66BB-4265-A3F8-5D8BE607510A}
		{DB662CDE-EADA-4499-84BB-B3EC61D80C89} = {DB662CDE-EADA-4499-84BB-B3EC61D80C89}
	EndProjectSection
EndProject
Project("{8BC9CEB8-8B4A-11D0-8D11-00A0C91BC942}") = "test", "..\test\test.vcxproj", "{BCE7A1E2-5742-48C5-98F2-96766833D5F0}"
	ProjectSection(ProjectDependencies) = postProject
		{49158449-7120-455A-9F75-AC6ABFD1D44E} = {49158449-7120-455A-9F75-AC6ABFD1D44E}
		{E21FBA6A-72F3-4BA3-BDB2-84910A1F588A} = {E21FBA6A-72F3-4BA3-BDB2-84910A1F588A}
		{3B2617D4-66BB-4265-A3F8-5D8BE607510A} = {3B2617D4-66BB-4265-A3F8-5D8BE607510A}
		{DB662CDE-EADA-4499-84BB-B3EC61D80C89} = {DB662CDE-EADA-4499-84BB-B3EC61D80C89}
	EndProjectSection
EndProject
Global
	GlobalSection(SolutionConfigurationPlatforms) = preSolution
		Debug|Win32 = Debug|Win32
		Release|Win32 = Release|Win32
	EndGlobalSection
	GlobalSection(ProjectConfigurationPlatforms) = postSolution
		{3B2617D4-66BB-4265-A3F8-5D8BE607510A}.Debug|Win32.ActiveCfg = Debug|Win32
		{3B2617D4-66BB-4265-A3F8-5D8BE607510A}.Debug|Win32.Build.0 = Debug|Win32
		{3B2617D4-66BB-4265-A3F8-5D8BE607510A}.Release|Win32.ActiveCfg = Release|Win32
		{3B2617D4-66BB-4265-A3F8-5D8BE607510A}.Release|Win32.Build.0 = Release|Win32
		{DB662CDE-EADA-4499-84BB-B3EC61D80C89}.Debug|Win32.ActiveCfg = Debug|Win32
		{DB662CDE-EADA-4499-84BB-B3EC61D80C89}.Debug|Win32.Build.0 = Debug|Win32
		{DB662CDE-EADA-4499-84BB-B3EC61D80C89}.Release|Win32.ActiveCfg = Release|Win32
		{DB662CDE-EADA-4499-84BB-B3EC61D80C89}.Release|Win32.Build.0 = Release|Win32
		{49158449-7120-455A-9F75-AC6ABFD1D44E}.Debug|Win32.ActiveCfg = Debug|Win32
		{49158449-7120-455A-9F75-AC6ABFD1D44E}.Debug|Win32.Build.0 = Debug|Win32
		{49158449-7120-455A-9F75-AC6ABFD1D44E}.Release|Win32.ActiveCfg = Release|Win32
		{49158449-7120-455A-9F75-AC6ABFD1D44E}.Release|Win32.Build.0 = Release|Win32
		{E21FBA6A-72F3-4BA3-BDB2-84910A1F588A}.Debug|Win32.ActiveCfg = Debug|Win32
		{E21FBA6A-72F3-4BA3-BDB2-84910A1F588A}.Debug|Win32.Build.0 = Debug|Win32
		{E21FBA6A-72F3-4BA3-BDB2-84910A1F588A}.Release|Win32.ActiveCfg = Release|Win32
		{E21FBA6A-72F3-4BA3-BDB2-84910A1F588A}.Release|Win32.Build.0 = Release|Win32
		{BCE7A1E2-5742-48C5-98F2-96766833D5F0}.Debug|Win32.ActiveCfg = Debug|Win32
		{BCE7A1E2-5742-48C5-98F2-96766833D5F0}.Debug|Win32.Build.0 = Debug|Win32
		{BCE7A1E2-5742-48C5-98F2-96766833D5F0}.Release|Win32.ActiveCfg = Release|Win32
		{BCE7A1E2-5742-48C5-98F2-96766833D5F0}.Release|Win32.Build.0 = Release|Win32
	EndGlobalSection
	GlobalSection(SolutionProperties) = preSolution
		HideSolutionNode = FALSE
	EndGlobalSection
EndGlobal
