
Microsoft Visual Studio Solution File, Format Version 12.00
# Visual Studio 2012
Project("{8BC9CEB8-8B4A-11D0-8D11-00A0C91BC942}") = "SanguoMap.win32", "SanguoMap.win32.vcxproj", "{41E667F0-FBC8-4FD8-8F5C-0F963504C2D4}"
EndProject
Global
	GlobalSection(SolutionConfigurationPlatforms) = preSolution
		Debug|Win32 = Debug|Win32
		Release|Win32 = Release|Win32
	EndGlobalSection
	GlobalSection(ProjectConfigurationPlatforms) = postSolution
		{41E667F0-FBC8-4FD8-8F5C-0F963504C2D4}.Debug|Win32.ActiveCfg = Debug|Win32
		{41E667F0-FBC8-4FD8-8F5C-0F963504C2D4}.Debug|Win32.Build.0 = Debug|Win32
		{41E667F0-FBC8-4FD8-8F5C-0F963504C2D4}.Release|Win32.ActiveCfg = Release|Win32
		{41E667F0-FBC8-4FD8-8F5C-0F963504C2D4}.Release|Win32.Build.0 = Release|Win32
	EndGlobalSection
	GlobalSection(SolutionProperties) = preSolution
		HideSolutionNode = FALSE
	EndGlobalSection
EndGlobal
